
Microsoft Visual Studio Solution File, Format Version 12.00
# Visual Studio 15
VisualStudioVersion = 15.0.28307.539
MinimumVisualStudioVersion = 10.0.40219.1
Project("{FAE04EC0-301F-11D3-BF4B-00C04F79EFBC}") = "Laboratorio5", "Laboratorio5\Laboratorio5.csproj", "{138837EA-1F91-49B0-9FA1-8204F5B140A6}"
EndProject
Global
	GlobalSection(SolutionConfigurationPlatforms) = preSolution
		Debug|Any CPU = Debug|Any CPU
		Release|Any CPU = Release|Any CPU
	EndGlobalSection
	GlobalSection(ProjectConfigurationPlatforms) = postSolution
		{138837EA-1F91-49B0-9FA1-8204F5B140A6}.Debug|Any CPU.ActiveCfg = Debug|Any CPU
		{138837EA-1F91-49B0-9FA1-8204F5B140A6}.Debug|Any CPU.Build.0 = Debug|Any CPU
		{138837EA-1F91-49B0-9FA1-8204F5B140A6}.Release|Any CPU.ActiveCfg = Release|Any CPU
		{138837EA-1F91-49B0-9FA1-8204F5B140A6}.Release|Any CPU.Build.0 = Release|Any CPU
	EndGlobalSection
	GlobalSection(SolutionProperties) = preSolution
		HideSolutionNode = FALSE
	EndGlobalSection
	GlobalSection(ExtensibilityGlobals) = postSolution
		SolutionGuid = {C0103E93-EB5E-43D9-AABD-740CE93177EA}
	EndGlobalSection
EndGlobal
